
Microsoft Visual Studio Solution File, Format Version 12.00
# Visual Studio Version 17
VisualStudioVersion = 17.0.31903.59
MinimumVisualStudioVersion = 10.0.40219.1
Project("{2150E333-8FDC-42A3-9474-1A3956D46DE8}") = "Creational", "Creational", "{56A9F078-40C9-3DDD-7DA3-B5A4BF238A7F}"
EndProject
Project("{FAE04EC0-301F-11D3-BF4B-00C04F79EFBC}") = "FactoryMethodDemo", "Creational\FactoryMethodDemo\FactoryMethodDemo.csproj", "{CDEEE38A-7E84-493C-B8E7-2245E2523ED6}"
EndProject
Project("{FAE04EC0-301F-11D3-BF4B-00C04F79EFBC}") = "AbstractFactoryDemo", "Creational\AbstractFactoryDemo\AbstractFactoryDemo.csproj", "{9AC2ECA2-4613-45A9-B3F0-ACC15E28D290}"
EndProject
Project("{FAE04EC0-301F-11D3-BF4B-00C04F79EFBC}") = "SingletonDemo", "Creational\SingletonDemo\SingletonDemo.csproj", "{C38BF791-7F96-4A19-BA4F-5A6DB7FF6284}"
EndProject
Project("{FAE04EC0-301F-11D3-BF4B-00C04F79EFBC}") = "BuilderDemo", "Creational\BuilderDemo\BuilderDemo.csproj", "{4CEAD232-A5AF-4F77-9643-1DAD7F68E8DB}"
EndProject
Project("{FAE04EC0-301F-11D3-BF4B-00C04F79EFBC}") = "PrototypeDemo", "Creational\PrototypeDemo\PrototypeDemo.csproj", "{8CC539A5-5F38-4AA0-9303-975E33E88E08}"
EndProject
Project("{2150E333-8FDC-42A3-9474-1A3956D46DE8}") = "Structural", "Structural", "{AAFBD153-24CA-142F-8D87-E9EA6ABB24FE}"
EndProject
Project("{FAE04EC0-301F-11D3-BF4B-00C04F79EFBC}") = "AdapterDemo", "Structural\AdapterDemo\AdapterDemo.csproj", "{27ECA2FC-626F-4CDC-B1AC-94712BA2CAB4}"
EndProject
Project("{FAE04EC0-301F-11D3-BF4B-00C04F79EFBC}") = "BridgeDemo", "Structural\BridgeDemo\BridgeDemo.csproj", "{C8FC788C-C70F-4374-B109-63198A1DAB62}"
EndProject
Project("{FAE04EC0-301F-11D3-BF4B-00C04F79EFBC}") = "CompositeDemo", "Structural\CompositeDemo\CompositeDemo.csproj", "{F04AB8F5-1E70-4593-AF87-399A2252830C}"
EndProject
Project("{FAE04EC0-301F-11D3-BF4B-00C04F79EFBC}") = "DecoratorDemo", "Structural\DecoratorDemo\DecoratorDemo.csproj", "{6DB0DB8B-B9EF-4823-B8FB-D079E797BBCA}"
EndProject
Project("{FAE04EC0-301F-11D3-BF4B-00C04F79EFBC}") = "FacadeDemo", "Structural\FacadeDemo\FacadeDemo.csproj", "{3431AAF7-553A-4078-B6F1-759874455F7B}"
EndProject
Project("{FAE04EC0-301F-11D3-BF4B-00C04F79EFBC}") = "FlyweightDemo", "Structural\FlyweightDemo\FlyweightDemo.csproj", "{12CCF4E9-AE99-42FA-9176-E66AC4CD3D5D}"
EndProject
Project("{FAE04EC0-301F-11D3-BF4B-00C04F79EFBC}") = "ProxyDemo", "Structural\ProxyDemo\ProxyDemo.csproj", "{9425AA2C-5145-4D1B-9C13-28DB4D185636}"
EndProject
Project("{2150E333-8FDC-42A3-9474-1A3956D46DE8}") = "Behavioral", "Behavioral", "{26DBFC19-437C-4F90-1A5A-542F2D728CEE}"
EndProject
Project("{FAE04EC0-301F-11D3-BF4B-00C04F79EFBC}") = "ChainOfResponsibilityDemo", "Behavioral\ChainOfResponsibilityDemo\ChainOfResponsibilityDemo.csproj", "{76664251-62CD-4D6C-8929-B6EE147C8749}"
EndProject
Project("{FAE04EC0-301F-11D3-BF4B-00C04F79EFBC}") = "CommandDemo", "Behavioral\CommandDemo\CommandDemo.csproj", "{9E9BD97E-BD41-41F1-A697-C35D448041B3}"
EndProject
Project("{FAE04EC0-301F-11D3-BF4B-00C04F79EFBC}") = "InterpreterDemo", "Behavioral\InterpreterDemo\InterpreterDemo.csproj", "{C34DF1E1-176F-476F-9E18-F6BF55DEB321}"
EndProject
Project("{FAE04EC0-301F-11D3-BF4B-00C04F79EFBC}") = "IteratorDemo", "Behavioral\IteratorDemo\IteratorDemo.csproj", "{42F64799-2437-48CB-BDCD-AC159DFA39D5}"
EndProject
Project("{FAE04EC0-301F-11D3-BF4B-00C04F79EFBC}") = "MediatorDemo", "Behavioral\MediatorDemo\MediatorDemo.csproj", "{AC2D8383-5195-4A08-929A-4DD3E9340FDF}"
EndProject
Project("{FAE04EC0-301F-11D3-BF4B-00C04F79EFBC}") = "MementoDemo", "Behavioral\MementoDemo\MementoDemo.csproj", "{16853C67-F68B-4EE6-83D0-89F309740196}"
EndProject
Project("{FAE04EC0-301F-11D3-BF4B-00C04F79EFBC}") = "ObserverDemo", "Behavioral\ObserverDemo\ObserverDemo.csproj", "{6EA640B8-3C88-4EEA-BB85-A34FF39A1E91}"
EndProject
Project("{FAE04EC0-301F-11D3-BF4B-00C04F79EFBC}") = "StateDemo", "Behavioral\StateDemo\StateDemo.csproj", "{B4AB07F6-E1CE-49A4-93E0-B064A64F59EE}"
EndProject
Project("{FAE04EC0-301F-11D3-BF4B-00C04F79EFBC}") = "StrategyDemo", "Behavioral\StrategyDemo\StrategyDemo.csproj", "{F5F278C1-54E9-4536-8DBE-542B866258BC}"
EndProject
Project("{FAE04EC0-301F-11D3-BF4B-00C04F79EFBC}") = "TemplateMethodDemo", "Behavioral\TemplateMethodDemo\TemplateMethodDemo.csproj", "{32E523CB-97C7-4C36-8D8D-FFC4A512A093}"
EndProject
Project("{FAE04EC0-301F-11D3-BF4B-00C04F79EFBC}") = "VisitorDemo", "Behavioral\VisitorDemo\VisitorDemo.csproj", "{3AA2AA3B-F294-4453-9A11-C537F061CD92}"
EndProject
Project("{FAE04EC0-301F-11D3-BF4B-00C04F79EFBC}") = "Tests.SingletonDemo", "Creational\SingletonDemo.Tests\Tests.SingletonDemo.csproj", "{822BAFD2-46E8-4A5B-9915-985C6976CFB2}"
EndProject
Global
	GlobalSection(SolutionConfigurationPlatforms) = preSolution
		Debug|Any CPU = Debug|Any CPU
		Debug|x64 = Debug|x64
		Debug|x86 = Debug|x86
		Release|Any CPU = Release|Any CPU
		Release|x64 = Release|x64
		Release|x86 = Release|x86
	EndGlobalSection
	GlobalSection(ProjectConfigurationPlatforms) = postSolution
		{CDEEE38A-7E84-493C-B8E7-2245E2523ED6}.Debug|Any CPU.ActiveCfg = Debug|Any CPU
		{CDEEE38A-7E84-493C-B8E7-2245E2523ED6}.Debug|Any CPU.Build.0 = Debug|Any CPU
		{CDEEE38A-7E84-493C-B8E7-2245E2523ED6}.Debug|x64.ActiveCfg = Debug|Any CPU
		{CDEEE38A-7E84-493C-B8E7-2245E2523ED6}.Debug|x64.Build.0 = Debug|Any CPU
		{CDEEE38A-7E84-493C-B8E7-2245E2523ED6}.Debug|x86.ActiveCfg = Debug|Any CPU
		{CDEEE38A-7E84-493C-B8E7-2245E2523ED6}.Debug|x86.Build.0 = Debug|Any CPU
		{CDEEE38A-7E84-493C-B8E7-2245E2523ED6}.Release|Any CPU.ActiveCfg = Release|Any CPU
		{CDEEE38A-7E84-493C-B8E7-2245E2523ED6}.Release|Any CPU.Build.0 = Release|Any CPU
		{CDEEE38A-7E84-493C-B8E7-2245E2523ED6}.Release|x64.ActiveCfg = Release|Any CPU
		{CDEEE38A-7E84-493C-B8E7-2245E2523ED6}.Release|x64.Build.0 = Release|Any CPU
		{CDEEE38A-7E84-493C-B8E7-2245E2523ED6}.Release|x86.ActiveCfg = Release|Any CPU
		{CDEEE38A-7E84-493C-B8E7-2245E2523ED6}.Release|x86.Build.0 = Release|Any CPU
		{9AC2ECA2-4613-45A9-B3F0-ACC15E28D290}.Debug|Any CPU.ActiveCfg = Debug|Any CPU
		{9AC2ECA2-4613-45A9-B3F0-ACC15E28D290}.Debug|Any CPU.Build.0 = Debug|Any CPU
		{9AC2ECA2-4613-45A9-B3F0-ACC15E28D290}.Debug|x64.ActiveCfg = Debug|Any CPU
		{9AC2ECA2-4613-45A9-B3F0-ACC15E28D290}.Debug|x64.Build.0 = Debug|Any CPU
		{9AC2ECA2-4613-45A9-B3F0-ACC15E28D290}.Debug|x86.ActiveCfg = Debug|Any CPU
		{9AC2ECA2-4613-45A9-B3F0-ACC15E28D290}.Debug|x86.Build.0 = Debug|Any CPU
		{9AC2ECA2-4613-45A9-B3F0-ACC15E28D290}.Release|Any CPU.ActiveCfg = Release|Any CPU
		{9AC2ECA2-4613-45A9-B3F0-ACC15E28D290}.Release|Any CPU.Build.0 = Release|Any CPU
		{9AC2ECA2-4613-45A9-B3F0-ACC15E28D290}.Release|x64.ActiveCfg = Release|Any CPU
		{9AC2ECA2-4613-45A9-B3F0-ACC15E28D290}.Release|x64.Build.0 = Release|Any CPU
		{9AC2ECA2-4613-45A9-B3F0-ACC15E28D290}.Release|x86.ActiveCfg = Release|Any CPU
		{9AC2ECA2-4613-45A9-B3F0-ACC15E28D290}.Release|x86.Build.0 = Release|Any CPU
		{C38BF791-7F96-4A19-BA4F-5A6DB7FF6284}.Debug|Any CPU.ActiveCfg = Debug|Any CPU
		{C38BF791-7F96-4A19-BA4F-5A6DB7FF6284}.Debug|Any CPU.Build.0 = Debug|Any CPU
		{C38BF791-7F96-4A19-BA4F-5A6DB7FF6284}.Debug|x64.ActiveCfg = Debug|Any CPU
		{C38BF791-7F96-4A19-BA4F-5A6DB7FF6284}.Debug|x64.Build.0 = Debug|Any CPU
		{C38BF791-7F96-4A19-BA4F-5A6DB7FF6284}.Debug|x86.ActiveCfg = Debug|Any CPU
		{C38BF791-7F96-4A19-BA4F-5A6DB7FF6284}.Debug|x86.Build.0 = Debug|Any CPU
		{C38BF791-7F96-4A19-BA4F-5A6DB7FF6284}.Release|Any CPU.ActiveCfg = Release|Any CPU
		{C38BF791-7F96-4A19-BA4F-5A6DB7FF6284}.Release|Any CPU.Build.0 = Release|Any CPU
		{C38BF791-7F96-4A19-BA4F-5A6DB7FF6284}.Release|x64.ActiveCfg = Release|Any CPU
		{C38BF791-7F96-4A19-BA4F-5A6DB7FF6284}.Release|x64.Build.0 = Release|Any CPU
		{C38BF791-7F96-4A19-BA4F-5A6DB7FF6284}.Release|x86.ActiveCfg = Release|Any CPU
		{C38BF791-7F96-4A19-BA4F-5A6DB7FF6284}.Release|x86.Build.0 = Release|Any CPU
		{4CEAD232-A5AF-4F77-9643-1DAD7F68E8DB}.Debug|Any CPU.ActiveCfg = Debug|Any CPU
		{4CEAD232-A5AF-4F77-9643-1DAD7F68E8DB}.Debug|Any CPU.Build.0 = Debug|Any CPU
		{4CEAD232-A5AF-4F77-9643-1DAD7F68E8DB}.Debug|x64.ActiveCfg = Debug|Any CPU
		{4CEAD232-A5AF-4F77-9643-1DAD7F68E8DB}.Debug|x64.Build.0 = Debug|Any CPU
		{4CEAD232-A5AF-4F77-9643-1DAD7F68E8DB}.Debug|x86.ActiveCfg = Debug|Any CPU
		{4CEAD232-A5AF-4F77-9643-1DAD7F68E8DB}.Debug|x86.Build.0 = Debug|Any CPU
		{4CEAD232-A5AF-4F77-9643-1DAD7F68E8DB}.Release|Any CPU.ActiveCfg = Release|Any CPU
		{4CEAD232-A5AF-4F77-9643-1DAD7F68E8DB}.Release|Any CPU.Build.0 = Release|Any CPU
		{4CEAD232-A5AF-4F77-9643-1DAD7F68E8DB}.Release|x64.ActiveCfg = Release|Any CPU
		{4CEAD232-A5AF-4F77-9643-1DAD7F68E8DB}.Release|x64.Build.0 = Release|Any CPU
		{4CEAD232-A5AF-4F77-9643-1DAD7F68E8DB}.Release|x86.ActiveCfg = Release|Any CPU
		{4CEAD232-A5AF-4F77-9643-1DAD7F68E8DB}.Release|x86.Build.0 = Release|Any CPU
		{8CC539A5-5F38-4AA0-9303-975E33E88E08}.Debug|Any CPU.ActiveCfg = Debug|Any CPU
		{8CC539A5-5F38-4AA0-9303-975E33E88E08}.Debug|Any CPU.Build.0 = Debug|Any CPU
		{8CC539A5-5F38-4AA0-9303-975E33E88E08}.Debug|x64.ActiveCfg = Debug|Any CPU
		{8CC539A5-5F38-4AA0-9303-975E33E88E08}.Debug|x64.Build.0 = Debug|Any CPU
		{8CC539A5-5F38-4AA0-9303-975E33E88E08}.Debug|x86.ActiveCfg = Debug|Any CPU
		{8CC539A5-5F38-4AA0-9303-975E33E88E08}.Debug|x86.Build.0 = Debug|Any CPU
		{8CC539A5-5F38-4AA0-9303-975E33E88E08}.Release|Any CPU.ActiveCfg = Release|Any CPU
		{8CC539A5-5F38-4AA0-9303-975E33E88E08}.Release|Any CPU.Build.0 = Release|Any CPU
		{8CC539A5-5F38-4AA0-9303-975E33E88E08}.Release|x64.ActiveCfg = Release|Any CPU
		{8CC539A5-5F38-4AA0-9303-975E33E88E08}.Release|x64.Build.0 = Release|Any CPU
		{8CC539A5-5F38-4AA0-9303-975E33E88E08}.Release|x86.ActiveCfg = Release|Any CPU
		{8CC539A5-5F38-4AA0-9303-975E33E88E08}.Release|x86.Build.0 = Release|Any CPU
		{27ECA2FC-626F-4CDC-B1AC-94712BA2CAB4}.Debug|Any CPU.ActiveCfg = Debug|Any CPU
		{27ECA2FC-626F-4CDC-B1AC-94712BA2CAB4}.Debug|Any CPU.Build.0 = Debug|Any CPU
		{27ECA2FC-626F-4CDC-B1AC-94712BA2CAB4}.Debug|x64.ActiveCfg = Debug|Any CPU
		{27ECA2FC-626F-4CDC-B1AC-94712BA2CAB4}.Debug|x64.Build.0 = Debug|Any CPU
		{27ECA2FC-626F-4CDC-B1AC-94712BA2CAB4}.Debug|x86.ActiveCfg = Debug|Any CPU
		{27ECA2FC-626F-4CDC-B1AC-94712BA2CAB4}.Debug|x86.Build.0 = Debug|Any CPU
		{27ECA2FC-626F-4CDC-B1AC-94712BA2CAB4}.Release|Any CPU.ActiveCfg = Release|Any CPU
		{27ECA2FC-626F-4CDC-B1AC-94712BA2CAB4}.Release|Any CPU.Build.0 = Release|Any CPU
		{27ECA2FC-626F-4CDC-B1AC-94712BA2CAB4}.Release|x64.ActiveCfg = Release|Any CPU
		{27ECA2FC-626F-4CDC-B1AC-94712BA2CAB4}.Release|x64.Build.0 = Release|Any CPU
		{27ECA2FC-626F-4CDC-B1AC-94712BA2CAB4}.Release|x86.ActiveCfg = Release|Any CPU
		{27ECA2FC-626F-4CDC-B1AC-94712BA2CAB4}.Release|x86.Build.0 = Release|Any CPU
		{C8FC788C-C70F-4374-B109-63198A1DAB62}.Debug|Any CPU.ActiveCfg = Debug|Any CPU
		{C8FC788C-C70F-4374-B109-63198A1DAB62}.Debug|Any CPU.Build.0 = Debug|Any CPU
		{C8FC788C-C70F-4374-B109-63198A1DAB62}.Debug|x64.ActiveCfg = Debug|Any CPU
		{C8FC788C-C70F-4374-B109-63198A1DAB62}.Debug|x64.Build.0 = Debug|Any CPU
		{C8FC788C-C70F-4374-B109-63198A1DAB62}.Debug|x86.ActiveCfg = Debug|Any CPU
		{C8FC788C-C70F-4374-B109-63198A1DAB62}.Debug|x86.Build.0 = Debug|Any CPU
		{C8FC788C-C70F-4374-B109-63198A1DAB62}.Release|Any CPU.ActiveCfg = Release|Any CPU
		{C8FC788C-C70F-4374-B109-63198A1DAB62}.Release|Any CPU.Build.0 = Release|Any CPU
		{C8FC788C-C70F-4374-B109-63198A1DAB62}.Release|x64.ActiveCfg = Release|Any CPU
		{C8FC788C-C70F-4374-B109-63198A1DAB62}.Release|x64.Build.0 = Release|Any CPU
		{C8FC788C-C70F-4374-B109-63198A1DAB62}.Release|x86.ActiveCfg = Release|Any CPU
		{C8FC788C-C70F-4374-B109-63198A1DAB62}.Release|x86.Build.0 = Release|Any CPU
		{F04AB8F5-1E70-4593-AF87-399A2252830C}.Debug|Any CPU.ActiveCfg = Debug|Any CPU
		{F04AB8F5-1E70-4593-AF87-399A2252830C}.Debug|Any CPU.Build.0 = Debug|Any CPU
		{F04AB8F5-1E70-4593-AF87-399A2252830C}.Debug|x64.ActiveCfg = Debug|Any CPU
		{F04AB8F5-1E70-4593-AF87-399A2252830C}.Debug|x64.Build.0 = Debug|Any CPU
		{F04AB8F5-1E70-4593-AF87-399A2252830C}.Debug|x86.ActiveCfg = Debug|Any CPU
		{F04AB8F5-1E70-4593-AF87-399A2252830C}.Debug|x86.Build.0 = Debug|Any CPU
		{F04AB8F5-1E70-4593-AF87-399A2252830C}.Release|Any CPU.ActiveCfg = Release|Any CPU
		{F04AB8F5-1E70-4593-AF87-399A2252830C}.Release|Any CPU.Build.0 = Release|Any CPU
		{F04AB8F5-1E70-4593-AF87-399A2252830C}.Release|x64.ActiveCfg = Release|Any CPU
		{F04AB8F5-1E70-4593-AF87-399A2252830C}.Release|x64.Build.0 = Release|Any CPU
		{F04AB8F5-1E70-4593-AF87-399A2252830C}.Release|x86.ActiveCfg = Release|Any CPU
		{F04AB8F5-1E70-4593-AF87-399A2252830C}.Release|x86.Build.0 = Release|Any CPU
		{6DB0DB8B-B9EF-4823-B8FB-D079E797BBCA}.Debug|Any CPU.ActiveCfg = Debug|Any CPU
		{6DB0DB8B-B9EF-4823-B8FB-D079E797BBCA}.Debug|Any CPU.Build.0 = Debug|Any CPU
		{6DB0DB8B-B9EF-4823-B8FB-D079E797BBCA}.Debug|x64.ActiveCfg = Debug|Any CPU
		{6DB0DB8B-B9EF-4823-B8FB-D079E797BBCA}.Debug|x64.Build.0 = Debug|Any CPU
		{6DB0DB8B-B9EF-4823-B8FB-D079E797BBCA}.Debug|x86.ActiveCfg = Debug|Any CPU
		{6DB0DB8B-B9EF-4823-B8FB-D079E797BBCA}.Debug|x86.Build.0 = Debug|Any CPU
		{6DB0DB8B-B9EF-4823-B8FB-D079E797BBCA}.Release|Any CPU.ActiveCfg = Release|Any CPU
		{6DB0DB8B-B9EF-4823-B8FB-D079E797BBCA}.Release|Any CPU.Build.0 = Release|Any CPU
		{6DB0DB8B-B9EF-4823-B8FB-D079E797BBCA}.Release|x64.ActiveCfg = Release|Any CPU
		{6DB0DB8B-B9EF-4823-B8FB-D079E797BBCA}.Release|x64.Build.0 = Release|Any CPU
		{6DB0DB8B-B9EF-4823-B8FB-D079E797BBCA}.Release|x86.ActiveCfg = Release|Any CPU
		{6DB0DB8B-B9EF-4823-B8FB-D079E797BBCA}.Release|x86.Build.0 = Release|Any CPU
		{3431AAF7-553A-4078-B6F1-759874455F7B}.Debug|Any CPU.ActiveCfg = Debug|Any CPU
		{3431AAF7-553A-4078-B6F1-759874455F7B}.Debug|Any CPU.Build.0 = Debug|Any CPU
		{3431AAF7-553A-4078-B6F1-759874455F7B}.Debug|x64.ActiveCfg = Debug|Any CPU
		{3431AAF7-553A-4078-B6F1-759874455F7B}.Debug|x64.Build.0 = Debug|Any CPU
		{3431AAF7-553A-4078-B6F1-759874455F7B}.Debug|x86.ActiveCfg = Debug|Any CPU
		{3431AAF7-553A-4078-B6F1-759874455F7B}.Debug|x86.Build.0 = Debug|Any CPU
		{3431AAF7-553A-4078-B6F1-759874455F7B}.Release|Any CPU.ActiveCfg = Release|Any CPU
		{3431AAF7-553A-4078-B6F1-759874455F7B}.Release|Any CPU.Build.0 = Release|Any CPU
		{3431AAF7-553A-4078-B6F1-759874455F7B}.Release|x64.ActiveCfg = Release|Any CPU
		{3431AAF7-553A-4078-B6F1-759874455F7B}.Release|x64.Build.0 = Release|Any CPU
		{3431AAF7-553A-4078-B6F1-759874455F7B}.Release|x86.ActiveCfg = Release|Any CPU
		{3431AAF7-553A-4078-B6F1-759874455F7B}.Release|x86.Build.0 = Release|Any CPU
		{12CCF4E9-AE99-42FA-9176-E66AC4CD3D5D}.Debug|Any CPU.ActiveCfg = Debug|Any CPU
		{12CCF4E9-AE99-42FA-9176-E66AC4CD3D5D}.Debug|Any CPU.Build.0 = Debug|Any CPU
		{12CCF4E9-AE99-42FA-9176-E66AC4CD3D5D}.Debug|x64.ActiveCfg = Debug|Any CPU
		{12CCF4E9-AE99-42FA-9176-E66AC4CD3D5D}.Debug|x64.Build.0 = Debug|Any CPU
		{12CCF4E9-AE99-42FA-9176-E66AC4CD3D5D}.Debug|x86.ActiveCfg = Debug|Any CPU
		{12CCF4E9-AE99-42FA-9176-E66AC4CD3D5D}.Debug|x86.Build.0 = Debug|Any CPU
		{12CCF4E9-AE99-42FA-9176-E66AC4CD3D5D}.Release|Any CPU.ActiveCfg = Release|Any CPU
		{12CCF4E9-AE99-42FA-9176-E66AC4CD3D5D}.Release|Any CPU.Build.0 = Release|Any CPU
		{12CCF4E9-AE99-42FA-9176-E66AC4CD3D5D}.Release|x64.ActiveCfg = Release|Any CPU
		{12CCF4E9-AE99-42FA-9176-E66AC4CD3D5D}.Release|x64.Build.0 = Release|Any CPU
		{12CCF4E9-AE99-42FA-9176-E66AC4CD3D5D}.Release|x86.ActiveCfg = Release|Any CPU
		{12CCF4E9-AE99-42FA-9176-E66AC4CD3D5D}.Release|x86.Build.0 = Release|Any CPU
		{9425AA2C-5145-4D1B-9C13-28DB4D185636}.Debug|Any CPU.ActiveCfg = Debug|Any CPU
		{9425AA2C-5145-4D1B-9C13-28DB4D185636}.Debug|Any CPU.Build.0 = Debug|Any CPU
		{9425AA2C-5145-4D1B-9C13-28DB4D185636}.Debug|x64.ActiveCfg = Debug|Any CPU
		{9425AA2C-5145-4D1B-9C13-28DB4D185636}.Debug|x64.Build.0 = Debug|Any CPU
		{9425AA2C-5145-4D1B-9C13-28DB4D185636}.Debug|x86.ActiveCfg = Debug|Any CPU
		{9425AA2C-5145-4D1B-9C13-28DB4D185636}.Debug|x86.Build.0 = Debug|Any CPU
		{9425AA2C-5145-4D1B-9C13-28DB4D185636}.Release|Any CPU.ActiveCfg = Release|Any CPU
		{9425AA2C-5145-4D1B-9C13-28DB4D185636}.Release|Any CPU.Build.0 = Release|Any CPU
		{9425AA2C-5145-4D1B-9C13-28DB4D185636}.Release|x64.ActiveCfg = Release|Any CPU
		{9425AA2C-5145-4D1B-9C13-28DB4D185636}.Release|x64.Build.0 = Release|Any CPU
		{9425AA2C-5145-4D1B-9C13-28DB4D185636}.Release|x86.ActiveCfg = Release|Any CPU
		{9425AA2C-5145-4D1B-9C13-28DB4D185636}.Release|x86.Build.0 = Release|Any CPU
		{76664251-62CD-4D6C-8929-B6EE147C8749}.Debug|Any CPU.ActiveCfg = Debug|Any CPU
		{76664251-62CD-4D6C-8929-B6EE147C8749}.Debug|Any CPU.Build.0 = Debug|Any CPU
		{76664251-62CD-4D6C-8929-B6EE147C8749}.Debug|x64.ActiveCfg = Debug|Any CPU
		{76664251-62CD-4D6C-8929-B6EE147C8749}.Debug|x64.Build.0 = Debug|Any CPU
		{76664251-62CD-4D6C-8929-B6EE147C8749}.Debug|x86.ActiveCfg = Debug|Any CPU
		{76664251-62CD-4D6C-8929-B6EE147C8749}.Debug|x86.Build.0 = Debug|Any CPU
		{76664251-62CD-4D6C-8929-B6EE147C8749}.Release|Any CPU.ActiveCfg = Release|Any CPU
		{76664251-62CD-4D6C-8929-B6EE147C8749}.Release|Any CPU.Build.0 = Release|Any CPU
		{76664251-62CD-4D6C-8929-B6EE147C8749}.Release|x64.ActiveCfg = Release|Any CPU
		{76664251-62CD-4D6C-8929-B6EE147C8749}.Release|x64.Build.0 = Release|Any CPU
		{76664251-62CD-4D6C-8929-B6EE147C8749}.Release|x86.ActiveCfg = Release|Any CPU
		{76664251-62CD-4D6C-8929-B6EE147C8749}.Release|x86.Build.0 = Release|Any CPU
		{9E9BD97E-BD41-41F1-A697-C35D448041B3}.Debug|Any CPU.ActiveCfg = Debug|Any CPU
		{9E9BD97E-BD41-41F1-A697-C35D448041B3}.Debug|Any CPU.Build.0 = Debug|Any CPU
		{9E9BD97E-BD41-41F1-A697-C35D448041B3}.Debug|x64.ActiveCfg = Debug|Any CPU
		{9E9BD97E-BD41-41F1-A697-C35D448041B3}.Debug|x64.Build.0 = Debug|Any CPU
		{9E9BD97E-BD41-41F1-A697-C35D448041B3}.Debug|x86.ActiveCfg = Debug|Any CPU
		{9E9BD97E-BD41-41F1-A697-C35D448041B3}.Debug|x86.Build.0 = Debug|Any CPU
		{9E9BD97E-BD41-41F1-A697-C35D448041B3}.Release|Any CPU.ActiveCfg = Release|Any CPU
		{9E9BD97E-BD41-41F1-A697-C35D448041B3}.Release|Any CPU.Build.0 = Release|Any CPU
		{9E9BD97E-BD41-41F1-A697-C35D448041B3}.Release|x64.ActiveCfg = Release|Any CPU
		{9E9BD97E-BD41-41F1-A697-C35D448041B3}.Release|x64.Build.0 = Release|Any CPU
		{9E9BD97E-BD41-41F1-A697-C35D448041B3}.Release|x86.ActiveCfg = Release|Any CPU
		{9E9BD97E-BD41-41F1-A697-C35D448041B3}.Release|x86.Build.0 = Release|Any CPU
		{C34DF1E1-176F-476F-9E18-F6BF55DEB321}.Debug|Any CPU.ActiveCfg = Debug|Any CPU
		{C34DF1E1-176F-476F-9E18-F6BF55DEB321}.Debug|Any CPU.Build.0 = Debug|Any CPU
		{C34DF1E1-176F-476F-9E18-F6BF55DEB321}.Debug|x64.ActiveCfg = Debug|Any CPU
		{C34DF1E1-176F-476F-9E18-F6BF55DEB321}.Debug|x64.Build.0 = Debug|Any CPU
		{C34DF1E1-176F-476F-9E18-F6BF55DEB321}.Debug|x86.ActiveCfg = Debug|Any CPU
		{C34DF1E1-176F-476F-9E18-F6BF55DEB321}.Debug|x86.Build.0 = Debug|Any CPU
		{C34DF1E1-176F-476F-9E18-F6BF55DEB321}.Release|Any CPU.ActiveCfg = Release|Any CPU
		{C34DF1E1-176F-476F-9E18-F6BF55DEB321}.Release|Any CPU.Build.0 = Release|Any CPU
		{C34DF1E1-176F-476F-9E18-F6BF55DEB321}.Release|x64.ActiveCfg = Release|Any CPU
		{C34DF1E1-176F-476F-9E18-F6BF55DEB321}.Release|x64.Build.0 = Release|Any CPU
		{C34DF1E1-176F-476F-9E18-F6BF55DEB321}.Release|x86.ActiveCfg = Release|Any CPU
		{C34DF1E1-176F-476F-9E18-F6BF55DEB321}.Release|x86.Build.0 = Release|Any CPU
		{42F64799-2437-48CB-BDCD-AC159DFA39D5}.Debug|Any CPU.ActiveCfg = Debug|Any CPU
		{42F64799-2437-48CB-BDCD-AC159DFA39D5}.Debug|Any CPU.Build.0 = Debug|Any CPU
		{42F64799-2437-48CB-BDCD-AC159DFA39D5}.Debug|x64.ActiveCfg = Debug|Any CPU
		{42F64799-2437-48CB-BDCD-AC159DFA39D5}.Debug|x64.Build.0 = Debug|Any CPU
		{42F64799-2437-48CB-BDCD-AC159DFA39D5}.Debug|x86.ActiveCfg = Debug|Any CPU
		{42F64799-2437-48CB-BDCD-AC159DFA39D5}.Debug|x86.Build.0 = Debug|Any CPU
		{42F64799-2437-48CB-BDCD-AC159DFA39D5}.Release|Any CPU.ActiveCfg = Release|Any CPU
		{42F64799-2437-48CB-BDCD-AC159DFA39D5}.Release|Any CPU.Build.0 = Release|Any CPU
		{42F64799-2437-48CB-BDCD-AC159DFA39D5}.Release|x64.ActiveCfg = Release|Any CPU
		{42F64799-2437-48CB-BDCD-AC159DFA39D5}.Release|x64.Build.0 = Release|Any CPU
		{42F64799-2437-48CB-BDCD-AC159DFA39D5}.Release|x86.ActiveCfg = Release|Any CPU
		{42F64799-2437-48CB-BDCD-AC159DFA39D5}.Release|x86.Build.0 = Release|Any CPU
		{AC2D8383-5195-4A08-929A-4DD3E9340FDF}.Debug|Any CPU.ActiveCfg = Debug|Any CPU
		{AC2D8383-5195-4A08-929A-4DD3E9340FDF}.Debug|Any CPU.Build.0 = Debug|Any CPU
		{AC2D8383-5195-4A08-929A-4DD3E9340FDF}.Debug|x64.ActiveCfg = Debug|Any CPU
		{AC2D8383-5195-4A08-929A-4DD3E9340FDF}.Debug|x64.Build.0 = Debug|Any CPU
		{AC2D8383-5195-4A08-929A-4DD3E9340FDF}.Debug|x86.ActiveCfg = Debug|Any CPU
		{AC2D8383-5195-4A08-929A-4DD3E9340FDF}.Debug|x86.Build.0 = Debug|Any CPU
		{AC2D8383-5195-4A08-929A-4DD3E9340FDF}.Release|Any CPU.ActiveCfg = Release|Any CPU
		{AC2D8383-5195-4A08-929A-4DD3E9340FDF}.Release|Any CPU.Build.0 = Release|Any CPU
		{AC2D8383-5195-4A08-929A-4DD3E9340FDF}.Release|x64.ActiveCfg = Release|Any CPU
		{AC2D8383-5195-4A08-929A-4DD3E9340FDF}.Release|x64.Build.0 = Release|Any CPU
		{AC2D8383-5195-4A08-929A-4DD3E9340FDF}.Release|x86.ActiveCfg = Release|Any CPU
		{AC2D8383-5195-4A08-929A-4DD3E9340FDF}.Release|x86.Build.0 = Release|Any CPU
		{16853C67-F68B-4EE6-83D0-89F309740196}.Debug|Any CPU.ActiveCfg = Debug|Any CPU
		{16853C67-F68B-4EE6-83D0-89F309740196}.Debug|Any CPU.Build.0 = Debug|Any CPU
		{16853C67-F68B-4EE6-83D0-89F309740196}.Debug|x64.ActiveCfg = Debug|Any CPU
		{16853C67-F68B-4EE6-83D0-89F309740196}.Debug|x64.Build.0 = Debug|Any CPU
		{16853C67-F68B-4EE6-83D0-89F309740196}.Debug|x86.ActiveCfg = Debug|Any CPU
		{16853C67-F68B-4EE6-83D0-89F309740196}.Debug|x86.Build.0 = Debug|Any CPU
		{16853C67-F68B-4EE6-83D0-89F309740196}.Release|Any CPU.ActiveCfg = Release|Any CPU
		{16853C67-F68B-4EE6-83D0-89F309740196}.Release|Any CPU.Build.0 = Release|Any CPU
		{16853C67-F68B-4EE6-83D0-89F309740196}.Release|x64.ActiveCfg = Release|Any CPU
		{16853C67-F68B-4EE6-83D0-89F309740196}.Release|x64.Build.0 = Release|Any CPU
		{16853C67-F68B-4EE6-83D0-89F309740196}.Release|x86.ActiveCfg = Release|Any CPU
		{16853C67-F68B-4EE6-83D0-89F309740196}.Release|x86.Build.0 = Release|Any CPU
		{6EA640B8-3C88-4EEA-BB85-A34FF39A1E91}.Debug|Any CPU.ActiveCfg = Debug|Any CPU
		{6EA640B8-3C88-4EEA-BB85-A34FF39A1E91}.Debug|Any CPU.Build.0 = Debug|Any CPU
		{6EA640B8-3C88-4EEA-BB85-A34FF39A1E91}.Debug|x64.ActiveCfg = Debug|Any CPU
		{6EA640B8-3C88-4EEA-BB85-A34FF39A1E91}.Debug|x64.Build.0 = Debug|Any CPU
		{6EA640B8-3C88-4EEA-BB85-A34FF39A1E91}.Debug|x86.ActiveCfg = Debug|Any CPU
		{6EA640B8-3C88-4EEA-BB85-A34FF39A1E91}.Debug|x86.Build.0 = Debug|Any CPU
		{6EA640B8-3C88-4EEA-BB85-A34FF39A1E91}.Release|Any CPU.ActiveCfg = Release|Any CPU
		{6EA640B8-3C88-4EEA-BB85-A34FF39A1E91}.Release|Any CPU.Build.0 = Release|Any CPU
		{6EA640B8-3C88-4EEA-BB85-A34FF39A1E91}.Release|x64.ActiveCfg = Release|Any CPU
		{6EA640B8-3C88-4EEA-BB85-A34FF39A1E91}.Release|x64.Build.0 = Release|Any CPU
		{6EA640B8-3C88-4EEA-BB85-A34FF39A1E91}.Release|x86.ActiveCfg = Release|Any CPU
		{6EA640B8-3C88-4EEA-BB85-A34FF39A1E91}.Release|x86.Build.0 = Release|Any CPU
		{B4AB07F6-E1CE-49A4-93E0-B064A64F59EE}.Debug|Any CPU.ActiveCfg = Debug|Any CPU
		{B4AB07F6-E1CE-49A4-93E0-B064A64F59EE}.Debug|Any CPU.Build.0 = Debug|Any CPU
		{B4AB07F6-E1CE-49A4-93E0-B064A64F59EE}.Debug|x64.ActiveCfg = Debug|Any CPU
		{B4AB07F6-E1CE-49A4-93E0-B064A64F59EE}.Debug|x64.Build.0 = Debug|Any CPU
		{B4AB07F6-E1CE-49A4-93E0-B064A64F59EE}.Debug|x86.ActiveCfg = Debug|Any CPU
		{B4AB07F6-E1CE-49A4-93E0-B064A64F59EE}.Debug|x86.Build.0 = Debug|Any CPU
		{B4AB07F6-E1CE-49A4-93E0-B064A64F59EE}.Release|Any CPU.ActiveCfg = Release|Any CPU
		{B4AB07F6-E1CE-49A4-93E0-B064A64F59EE}.Release|Any CPU.Build.0 = Release|Any CPU
		{B4AB07F6-E1CE-49A4-93E0-B064A64F59EE}.Release|x64.ActiveCfg = Release|Any CPU
		{B4AB07F6-E1CE-49A4-93E0-B064A64F59EE}.Release|x64.Build.0 = Release|Any CPU
		{B4AB07F6-E1CE-49A4-93E0-B064A64F59EE}.Release|x86.ActiveCfg = Release|Any CPU
		{B4AB07F6-E1CE-49A4-93E0-B064A64F59EE}.Release|x86.Build.0 = Release|Any CPU
		{F5F278C1-54E9-4536-8DBE-542B866258BC}.Debug|Any CPU.ActiveCfg = Debug|Any CPU
		{F5F278C1-54E9-4536-8DBE-542B866258BC}.Debug|Any CPU.Build.0 = Debug|Any CPU
		{F5F278C1-54E9-4536-8DBE-542B866258BC}.Debug|x64.ActiveCfg = Debug|Any CPU
		{F5F278C1-54E9-4536-8DBE-542B866258BC}.Debug|x64.Build.0 = Debug|Any CPU
		{F5F278C1-54E9-4536-8DBE-542B866258BC}.Debug|x86.ActiveCfg = Debug|Any CPU
		{F5F278C1-54E9-4536-8DBE-542B866258BC}.Debug|x86.Build.0 = Debug|Any CPU
		{F5F278C1-54E9-4536-8DBE-542B866258BC}.Release|Any CPU.ActiveCfg = Release|Any CPU
		{F5F278C1-54E9-4536-8DBE-542B866258BC}.Release|Any CPU.Build.0 = Release|Any CPU
		{F5F278C1-54E9-4536-8DBE-542B866258BC}.Release|x64.ActiveCfg = Release|Any CPU
		{F5F278C1-54E9-4536-8DBE-542B866258BC}.Release|x64.Build.0 = Release|Any CPU
		{F5F278C1-54E9-4536-8DBE-542B866258BC}.Release|x86.ActiveCfg = Release|Any CPU
		{F5F278C1-54E9-4536-8DBE-542B866258BC}.Release|x86.Build.0 = Release|Any CPU
		{32E523CB-97C7-4C36-8D8D-FFC4A512A093}.Debug|Any CPU.ActiveCfg = Debug|Any CPU
		{32E523CB-97C7-4C36-8D8D-FFC4A512A093}.Debug|Any CPU.Build.0 = Debug|Any CPU
		{32E523CB-97C7-4C36-8D8D-FFC4A512A093}.Debug|x64.ActiveCfg = Debug|Any CPU
		{32E523CB-97C7-4C36-8D8D-FFC4A512A093}.Debug|x64.Build.0 = Debug|Any CPU
		{32E523CB-97C7-4C36-8D8D-FFC4A512A093}.Debug|x86.ActiveCfg = Debug|Any CPU
		{32E523CB-97C7-4C36-8D8D-FFC4A512A093}.Debug|x86.Build.0 = Debug|Any CPU
		{32E523CB-97C7-4C36-8D8D-FFC4A512A093}.Release|Any CPU.ActiveCfg = Release|Any CPU
		{32E523CB-97C7-4C36-8D8D-FFC4A512A093}.Release|Any CPU.Build.0 = Release|Any CPU
		{32E523CB-97C7-4C36-8D8D-FFC4A512A093}.Release|x64.ActiveCfg = Release|Any CPU
		{32E523CB-97C7-4C36-8D8D-FFC4A512A093}.Release|x64.Build.0 = Release|Any CPU
		{32E523CB-97C7-4C36-8D8D-FFC4A512A093}.Release|x86.ActiveCfg = Release|Any CPU
		{32E523CB-97C7-4C36-8D8D-FFC4A512A093}.Release|x86.Build.0 = Release|Any CPU
		{3AA2AA3B-F294-4453-9A11-C537F061CD92}.Debug|Any CPU.ActiveCfg = Debug|Any CPU
		{3AA2AA3B-F294-4453-9A11-C537F061CD92}.Debug|Any CPU.Build.0 = Debug|Any CPU
		{3AA2AA3B-F294-4453-9A11-C537F061CD92}.Debug|x64.ActiveCfg = Debug|Any CPU
		{3AA2AA3B-F294-4453-9A11-C537F061CD92}.Debug|x64.Build.0 = Debug|Any CPU
		{3AA2AA3B-F294-4453-9A11-C537F061CD92}.Debug|x86.ActiveCfg = Debug|Any CPU
		{3AA2AA3B-F294-4453-9A11-C537F061CD92}.Debug|x86.Build.0 = Debug|Any CPU
		{3AA2AA3B-F294-4453-9A11-C537F061CD92}.Release|Any CPU.ActiveCfg = Release|Any CPU
		{3AA2AA3B-F294-4453-9A11-C537F061CD92}.Release|Any CPU.Build.0 = Release|Any CPU
		{3AA2AA3B-F294-4453-9A11-C537F061CD92}.Release|x64.ActiveCfg = Release|Any CPU
		{3AA2AA3B-F294-4453-9A11-C537F061CD92}.Release|x64.Build.0 = Release|Any CPU
		{3AA2AA3B-F294-4453-9A11-C537F061CD92}.Release|x86.ActiveCfg = Release|Any CPU
		{3AA2AA3B-F294-4453-9A11-C537F061CD92}.Release|x86.Build.0 = Release|Any CPU
		{822BAFD2-46E8-4A5B-9915-985C6976CFB2}.Debug|Any CPU.ActiveCfg = Debug|Any CPU
		{822BAFD2-46E8-4A5B-9915-985C6976CFB2}.Debug|Any CPU.Build.0 = Debug|Any CPU
		{822BAFD2-46E8-4A5B-9915-985C6976CFB2}.Debug|x64.ActiveCfg = Debug|Any CPU
		{822BAFD2-46E8-4A5B-9915-985C6976CFB2}.Debug|x64.Build.0 = Debug|Any CPU
		{822BAFD2-46E8-4A5B-9915-985C6976CFB2}.Debug|x86.ActiveCfg = Debug|Any CPU
		{822BAFD2-46E8-4A5B-9915-985C6976CFB2}.Debug|x86.Build.0 = Debug|Any CPU
		{822BAFD2-46E8-4A5B-9915-985C6976CFB2}.Release|Any CPU.ActiveCfg = Release|Any CPU
		{822BAFD2-46E8-4A5B-9915-985C6976CFB2}.Release|Any CPU.Build.0 = Release|Any CPU
		{822BAFD2-46E8-4A5B-9915-985C6976CFB2}.Release|x64.ActiveCfg = Release|Any CPU
		{822BAFD2-46E8-4A5B-9915-985C6976CFB2}.Release|x64.Build.0 = Release|Any CPU
		{822BAFD2-46E8-4A5B-9915-985C6976CFB2}.Release|x86.ActiveCfg = Release|Any CPU
		{822BAFD2-46E8-4A5B-9915-985C6976CFB2}.Release|x86.Build.0 = Release|Any CPU
	EndGlobalSection
	GlobalSection(SolutionProperties) = preSolution
		HideSolutionNode = FALSE
	EndGlobalSection
	GlobalSection(NestedProjects) = preSolution
		{CDEEE38A-7E84-493C-B8E7-2245E2523ED6} = {56A9F078-40C9-3DDD-7DA3-B5A4BF238A7F}
		{9AC2ECA2-4613-45A9-B3F0-ACC15E28D290} = {56A9F078-40C9-3DDD-7DA3-B5A4BF238A7F}
		{C38BF791-7F96-4A19-BA4F-5A6DB7FF6284} = {56A9F078-40C9-3DDD-7DA3-B5A4BF238A7F}
		{4CEAD232-A5AF-4F77-9643-1DAD7F68E8DB} = {56A9F078-40C9-3DDD-7DA3-B5A4BF238A7F}
		{8CC539A5-5F38-4AA0-9303-975E33E88E08} = {56A9F078-40C9-3DDD-7DA3-B5A4BF238A7F}
		{27ECA2FC-626F-4CDC-B1AC-94712BA2CAB4} = {AAFBD153-24CA-142F-8D87-E9EA6ABB24FE}
		{C8FC788C-C70F-4374-B109-63198A1DAB62} = {AAFBD153-24CA-142F-8D87-E9EA6ABB24FE}
		{F04AB8F5-1E70-4593-AF87-399A2252830C} = {AAFBD153-24CA-142F-8D87-E9EA6ABB24FE}
		{6DB0DB8B-B9EF-4823-B8FB-D079E797BBCA} = {AAFBD153-24CA-142F-8D87-E9EA6ABB24FE}
		{3431AAF7-553A-4078-B6F1-759874455F7B} = {AAFBD153-24CA-142F-8D87-E9EA6ABB24FE}
		{12CCF4E9-AE99-42FA-9176-E66AC4CD3D5D} = {AAFBD153-24CA-142F-8D87-E9EA6ABB24FE}
		{9425AA2C-5145-4D1B-9C13-28DB4D185636} = {AAFBD153-24CA-142F-8D87-E9EA6ABB24FE}
		{76664251-62CD-4D6C-8929-B6EE147C8749} = {26DBFC19-437C-4F90-1A5A-542F2D728CEE}
		{9E9BD97E-BD41-41F1-A697-C35D448041B3} = {26DBFC19-437C-4F90-1A5A-542F2D728CEE}
		{C34DF1E1-176F-476F-9E18-F6BF55DEB321} = {26DBFC19-437C-4F90-1A5A-542F2D728CEE}
		{42F64799-2437-48CB-BDCD-AC159DFA39D5} = {26DBFC19-437C-4F90-1A5A-542F2D728CEE}
		{AC2D8383-5195-4A08-929A-4DD3E9340FDF} = {26DBFC19-437C-4F90-1A5A-542F2D728CEE}
		{16853C67-F68B-4EE6-83D0-89F309740196} = {26DBFC19-437C-4F90-1A5A-542F2D728CEE}
		{6EA640B8-3C88-4EEA-BB85-A34FF39A1E91} = {26DBFC19-437C-4F90-1A5A-542F2D728CEE}
		{B4AB07F6-E1CE-49A4-93E0-B064A64F59EE} = {26DBFC19-437C-4F90-1A5A-542F2D728CEE}
		{F5F278C1-54E9-4536-8DBE-542B866258BC} = {26DBFC19-437C-4F90-1A5A-542F2D728CEE}
		{32E523CB-97C7-4C36-8D8D-FFC4A512A093} = {26DBFC19-437C-4F90-1A5A-542F2D728CEE}
		{3AA2AA3B-F294-4453-9A11-C537F061CD92} = {26DBFC19-437C-4F90-1A5A-542F2D728CEE}
		{822BAFD2-46E8-4A5B-9915-985C6976CFB2} = {56A9F078-40C9-3DDD-7DA3-B5A4BF238A7F}
	EndGlobalSection
	GlobalSection(ExtensibilityGlobals) = postSolution
		SolutionGuid = {47942A89-BFD4-4C70-AE81-6BA1A2756996}
	EndGlobalSection
EndGlobal
